
Microsoft Visual Studio Solution File, Format Version 12.00
# Visual Studio Version 17
VisualStudioVersion = 17.10.35027.167
MinimumVisualStudioVersion = 10.0.40219.1
Project("{FAE04EC0-301F-11D3-BF4B-00C04F79EFBC}") = "Bai2.1", "Bai2.1\Bai2.1.csproj", "{342DC2C8-4948-46AE-9F28-1E899F0C9FDB}"
EndProject
Project("{FAE04EC0-301F-11D3-BF4B-00C04F79EFBC}") = "Bai2.3", "Bai2.3\Bai2.3.csproj", "{C4293188-31A1-474D-8CC3-1944EA0FCAA7}"
EndProject
Project("{FAE04EC0-301F-11D3-BF4B-00C04F79EFBC}") = "Bai2.4", "Bai2.4\Bai2.4.csproj", "{69E45A05-6841-48D0-8F4A-26010D80A5AB}"
EndProject
Project("{FAE04EC0-301F-11D3-BF4B-00C04F79EFBC}") = "Bai2.5", "Bai2.5\Bai2.5.csproj", "{6FF20273-61BC-444E-B40B-48B901FAA83A}"
EndProject
Project("{FAE04EC0-301F-11D3-BF4B-00C04F79EFBC}") = "Bai2.6", "Bai2.6\Bai2.6.csproj", "{616554C0-2FBA-4B73-8211-1469E8A98E6B}"
EndProject
Project("{FAE04EC0-301F-11D3-BF4B-00C04F79EFBC}") = "Bai2.7", "Bai2.7\Bai2.7.csproj", "{9AA871AC-3946-4CFE-9EFE-595892282950}"
EndProject
Project("{FAE04EC0-301F-11D3-BF4B-00C04F79EFBC}") = "Bai2.8", "Bai2.8\Bai2.8.csproj", "{D848C668-C810-43B2-997D-4E6E8971B779}"
EndProject
Project("{FAE04EC0-301F-11D3-BF4B-00C04F79EFBC}") = "Bai2.9", "Bai2.9\Bai2.9.csproj", "{41CF1356-0FD8-4295-B890-D874C0BF6402}"
EndProject
Project("{FAE04EC0-301F-11D3-BF4B-00C04F79EFBC}") = "Bai2.10", "Bai2.10\Bai2.10.csproj", "{09CD96F7-1D7F-42F7-AD50-33944350949D}"
EndProject
Project("{FAE04EC0-301F-11D3-BF4B-00C04F79EFBC}") = "Bai3.1", "Bai3.1\Bai3.1.csproj", "{5572B0EE-D0A5-4015-82C9-EF68EA7128DE}"
EndProject
Project("{FAE04EC0-301F-11D3-BF4B-00C04F79EFBC}") = "Bai3.2", "Bai3.2\Bai3.2.csproj", "{D4FB30D8-87F1-4FDE-80A7-55576F69BC51}"
EndProject
Project("{FAE04EC0-301F-11D3-BF4B-00C04F79EFBC}") = "Bai3.3", "Bai3.3\Bai3.3.csproj", "{0476F8C6-C1F2-4EB3-8D8F-B43C8919C33C}"
EndProject
Project("{FAE04EC0-301F-11D3-BF4B-00C04F79EFBC}") = "Bai3.4", "Bai3.4\Bai3.4.csproj", "{18234983-FBBF-4BE2-8FAE-55A141DBBA11}"
EndProject
Project("{FAE04EC0-301F-11D3-BF4B-00C04F79EFBC}") = "Bai4.1", "Bai4.1\Bai4.1.csproj", "{BF55DC4C-CC30-41B0-B58C-07F0FAF48335}"
EndProject
Project("{FAE04EC0-301F-11D3-BF4B-00C04F79EFBC}") = "Bai4.2", "Bai4.2\Bai4.2.csproj", "{29364DD7-ACF5-4777-A425-1740EA346FA1}"
EndProject
Project("{FAE04EC0-301F-11D3-BF4B-00C04F79EFBC}") = "Bai4.3", "Bai4.3\Bai4.3.csproj", "{9FE2EC4E-3BE6-42BB-9EE7-514C14A385DD}"
EndProject
Project("{FAE04EC0-301F-11D3-BF4B-00C04F79EFBC}") = "Bai4.4", "Bai4.4\Bai4.4.csproj", "{E4814ECB-8F4E-44A6-8FF3-22F0B2B9DE80}"
EndProject
Project("{FAE04EC0-301F-11D3-BF4B-00C04F79EFBC}") = "Bai4.5", "Bai4.5\Bai4.5.csproj", "{C8E34F08-7389-41B5-911A-CF410BDC7A92}"
EndProject
Project("{FAE04EC0-301F-11D3-BF4B-00C04F79EFBC}") = "Bai4.6", "Bai4.6\Bai4.6.csproj", "{FD7440C6-2D3B-4F47-BD7C-9CA609BFD518}"
EndProject
Project("{FAE04EC0-301F-11D3-BF4B-00C04F79EFBC}") = "Bai4.7", "Bai4.7\Bai4.7.csproj", "{8FABADD5-B7BF-48C6-8C8E-027DE2A24637}"
EndProject
Global
	GlobalSection(SolutionConfigurationPlatforms) = preSolution
		Debug|Any CPU = Debug|Any CPU
		Release|Any CPU = Release|Any CPU
	EndGlobalSection
	GlobalSection(ProjectConfigurationPlatforms) = postSolution
		{342DC2C8-4948-46AE-9F28-1E899F0C9FDB}.Debug|Any CPU.ActiveCfg = Debug|Any CPU
		{342DC2C8-4948-46AE-9F28-1E899F0C9FDB}.Debug|Any CPU.Build.0 = Debug|Any CPU
		{342DC2C8-4948-46AE-9F28-1E899F0C9FDB}.Release|Any CPU.ActiveCfg = Release|Any CPU
		{342DC2C8-4948-46AE-9F28-1E899F0C9FDB}.Release|Any CPU.Build.0 = Release|Any CPU
		{C4293188-31A1-474D-8CC3-1944EA0FCAA7}.Debug|Any CPU.ActiveCfg = Debug|Any CPU
		{C4293188-31A1-474D-8CC3-1944EA0FCAA7}.Debug|Any CPU.Build.0 = Debug|Any CPU
		{C4293188-31A1-474D-8CC3-1944EA0FCAA7}.Release|Any CPU.ActiveCfg = Release|Any CPU
		{C4293188-31A1-474D-8CC3-1944EA0FCAA7}.Release|Any CPU.Build.0 = Release|Any CPU
		{69E45A05-6841-48D0-8F4A-26010D80A5AB}.Debug|Any CPU.ActiveCfg = Debug|Any CPU
		{69E45A05-6841-48D0-8F4A-26010D80A5AB}.Debug|Any CPU.Build.0 = Debug|Any CPU
		{69E45A05-6841-48D0-8F4A-26010D80A5AB}.Release|Any CPU.ActiveCfg = Release|Any CPU
		{69E45A05-6841-48D0-8F4A-26010D80A5AB}.Release|Any CPU.Build.0 = Release|Any CPU
		{6FF20273-61BC-444E-B40B-48B901FAA83A}.Debug|Any CPU.ActiveCfg = Debug|Any CPU
		{6FF20273-61BC-444E-B40B-48B901FAA83A}.Debug|Any CPU.Build.0 = Debug|Any CPU
		{6FF20273-61BC-444E-B40B-48B901FAA83A}.Release|Any CPU.ActiveCfg = Release|Any CPU
		{6FF20273-61BC-444E-B40B-48B901FAA83A}.Release|Any CPU.Build.0 = Release|Any CPU
		{616554C0-2FBA-4B73-8211-1469E8A98E6B}.Debug|Any CPU.ActiveCfg = Debug|Any CPU
		{616554C0-2FBA-4B73-8211-1469E8A98E6B}.Debug|Any CPU.Build.0 = Debug|Any CPU
		{616554C0-2FBA-4B73-8211-1469E8A98E6B}.Release|Any CPU.ActiveCfg = Release|Any CPU
		{616554C0-2FBA-4B73-8211-1469E8A98E6B}.Release|Any CPU.Build.0 = Release|Any CPU
		{9AA871AC-3946-4CFE-9EFE-595892282950}.Debug|Any CPU.ActiveCfg = Debug|Any CPU
		{9AA871AC-3946-4CFE-9EFE-595892282950}.Debug|Any CPU.Build.0 = Debug|Any CPU
		{9AA871AC-3946-4CFE-9EFE-595892282950}.Release|Any CPU.ActiveCfg = Release|Any CPU
		{9AA871AC-3946-4CFE-9EFE-595892282950}.Release|Any CPU.Build.0 = Release|Any CPU
		{D848C668-C810-43B2-997D-4E6E8971B779}.Debug|Any CPU.ActiveCfg = Debug|Any CPU
		{D848C668-C810-43B2-997D-4E6E8971B779}.Debug|Any CPU.Build.0 = Debug|Any CPU
		{D848C668-C810-43B2-997D-4E6E8971B779}.Release|Any CPU.ActiveCfg = Release|Any CPU
		{D848C668-C810-43B2-997D-4E6E8971B779}.Release|Any CPU.Build.0 = Release|Any CPU
		{41CF1356-0FD8-4295-B890-D874C0BF6402}.Debug|Any CPU.ActiveCfg = Debug|Any CPU
		{41CF1356-0FD8-4295-B890-D874C0BF6402}.Debug|Any CPU.Build.0 = Debug|Any CPU
		{41CF1356-0FD8-4295-B890-D874C0BF6402}.Release|Any CPU.ActiveCfg = Release|Any CPU
		{41CF1356-0FD8-4295-B890-D874C0BF6402}.Release|Any CPU.Build.0 = Release|Any CPU
		{09CD96F7-1D7F-42F7-AD50-33944350949D}.Debug|Any CPU.ActiveCfg = Debug|Any CPU
		{09CD96F7-1D7F-42F7-AD50-33944350949D}.Debug|Any CPU.Build.0 = Debug|Any CPU
		{09CD96F7-1D7F-42F7-AD50-33944350949D}.Release|Any CPU.ActiveCfg = Release|Any CPU
		{09CD96F7-1D7F-42F7-AD50-33944350949D}.Release|Any CPU.Build.0 = Release|Any CPU
		{5572B0EE-D0A5-4015-82C9-EF68EA7128DE}.Debug|Any CPU.ActiveCfg = Debug|Any CPU
		{5572B0EE-D0A5-4015-82C9-EF68EA7128DE}.Debug|Any CPU.Build.0 = Debug|Any CPU
		{5572B0EE-D0A5-4015-82C9-EF68EA7128DE}.Release|Any CPU.ActiveCfg = Release|Any CPU
		{5572B0EE-D0A5-4015-82C9-EF68EA7128DE}.Release|Any CPU.Build.0 = Release|Any CPU
		{D4FB30D8-87F1-4FDE-80A7-55576F69BC51}.Debug|Any CPU.ActiveCfg = Debug|Any CPU
		{D4FB30D8-87F1-4FDE-80A7-55576F69BC51}.Debug|Any CPU.Build.0 = Debug|Any CPU
		{D4FB30D8-87F1-4FDE-80A7-55576F69BC51}.Release|Any CPU.ActiveCfg = Release|Any CPU
		{D4FB30D8-87F1-4FDE-80A7-55576F69BC51}.Release|Any CPU.Build.0 = Release|Any CPU
		{0476F8C6-C1F2-4EB3-8D8F-B43C8919C33C}.Debug|Any CPU.ActiveCfg = Debug|Any CPU
		{0476F8C6-C1F2-4EB3-8D8F-B43C8919C33C}.Debug|Any CPU.Build.0 = Debug|Any CPU
		{0476F8C6-C1F2-4EB3-8D8F-B43C8919C33C}.Release|Any CPU.ActiveCfg = Release|Any CPU
		{0476F8C6-C1F2-4EB3-8D8F-B43C8919C33C}.Release|Any CPU.Build.0 = Release|Any CPU
		{18234983-FBBF-4BE2-8FAE-55A141DBBA11}.Debug|Any CPU.ActiveCfg = Debug|Any CPU
		{18234983-FBBF-4BE2-8FAE-55A141DBBA11}.Debug|Any CPU.Build.0 = Debug|Any CPU
		{18234983-FBBF-4BE2-8FAE-55A141DBBA11}.Release|Any CPU.ActiveCfg = Release|Any CPU
		{18234983-FBBF-4BE2-8FAE-55A141DBBA11}.Release|Any CPU.Build.0 = Release|Any CPU
		{BF55DC4C-CC30-41B0-B58C-07F0FAF48335}.Debug|Any CPU.ActiveCfg = Debug|Any CPU
		{BF55DC4C-CC30-41B0-B58C-07F0FAF48335}.Debug|Any CPU.Build.0 = Debug|Any CPU
		{BF55DC4C-CC30-41B0-B58C-07F0FAF48335}.Release|Any CPU.ActiveCfg = Release|Any CPU
		{BF55DC4C-CC30-41B0-B58C-07F0FAF48335}.Release|Any CPU.Build.0 = Release|Any CPU
		{29364DD7-ACF5-4777-A425-1740EA346FA1}.Debug|Any CPU.ActiveCfg = Debug|Any CPU
		{29364DD7-ACF5-4777-A425-1740EA346FA1}.Debug|Any CPU.Build.0 = Debug|Any CPU
		{29364DD7-ACF5-4777-A425-1740EA346FA1}.Release|Any CPU.ActiveCfg = Release|Any CPU
		{29364DD7-ACF5-4777-A425-1740EA346FA1}.Release|Any CPU.Build.0 = Release|Any CPU
		{9FE2EC4E-3BE6-42BB-9EE7-514C14A385DD}.Debug|Any CPU.ActiveCfg = Debug|Any CPU
		{9FE2EC4E-3BE6-42BB-9EE7-514C14A385DD}.Debug|Any CPU.Build.0 = Debug|Any CPU
		{9FE2EC4E-3BE6-42BB-9EE7-514C14A385DD}.Release|Any CPU.ActiveCfg = Release|Any CPU
		{9FE2EC4E-3BE6-42BB-9EE7-514C14A385DD}.Release|Any CPU.Build.0 = Release|Any CPU
		{E4814ECB-8F4E-44A6-8FF3-22F0B2B9DE80}.Debug|Any CPU.ActiveCfg = Debug|Any CPU
		{E4814ECB-8F4E-44A6-8FF3-22F0B2B9DE80}.Debug|Any CPU.Build.0 = Debug|Any CPU
		{E4814ECB-8F4E-44A6-8FF3-22F0B2B9DE80}.Release|Any CPU.ActiveCfg = Release|Any CPU
		{E4814ECB-8F4E-44A6-8FF3-22F0B2B9DE80}.Release|Any CPU.Build.0 = Release|Any CPU
		{C8E34F08-7389-41B5-911A-CF410BDC7A92}.Debug|Any CPU.ActiveCfg = Debug|Any CPU
		{C8E34F08-7389-41B5-911A-CF410BDC7A92}.Debug|Any CPU.Build.0 = Debug|Any CPU
		{C8E34F08-7389-41B5-911A-CF410BDC7A92}.Release|Any CPU.ActiveCfg = Release|Any CPU
		{C8E34F08-7389-41B5-911A-CF410BDC7A92}.Release|Any CPU.Build.0 = Release|Any CPU
		{FD7440C6-2D3B-4F47-BD7C-9CA609BFD518}.Debug|Any CPU.ActiveCfg = Debug|Any CPU
		{FD7440C6-2D3B-4F47-BD7C-9CA609BFD518}.Debug|Any CPU.Build.0 = Debug|Any CPU
		{FD7440C6-2D3B-4F47-BD7C-9CA609BFD518}.Release|Any CPU.ActiveCfg = Release|Any CPU
		{FD7440C6-2D3B-4F47-BD7C-9CA609BFD518}.Release|Any CPU.Build.0 = Release|Any CPU
		{8FABADD5-B7BF-48C6-8C8E-027DE2A24637}.Debug|Any CPU.ActiveCfg = Debug|Any CPU
		{8FABADD5-B7BF-48C6-8C8E-027DE2A24637}.Debug|Any CPU.Build.0 = Debug|Any CPU
		{8FABADD5-B7BF-48C6-8C8E-027DE2A24637}.Release|Any CPU.ActiveCfg = Release|Any CPU
		{8FABADD5-B7BF-48C6-8C8E-027DE2A24637}.Release|Any CPU.Build.0 = Release|Any CPU
	EndGlobalSection
	GlobalSection(SolutionProperties) = preSolution
		HideSolutionNode = FALSE
	EndGlobalSection
	GlobalSection(ExtensibilityGlobals) = postSolution
		SolutionGuid = {E656D173-BFE3-46E9-B211-0F7AE616EBEA}
	EndGlobalSection
EndGlobal
