
Microsoft Visual Studio Solution File, Format Version 12.00
# Visual Studio Version 17
VisualStudioVersion = 17.13.35931.197 d17.13
MinimumVisualStudioVersion = 10.0.40219.1
Project("{FAE04EC0-301F-11D3-BF4B-00C04F79EFBC}") = "Bai3_Cau2", "Bai3_Cau2.csproj", "{704E7ECC-195B-47E0-9B0E-D286D39A9113}"
EndProject
Global
	GlobalSection(SolutionConfigurationPlatforms) = preSolution
		Debug|Any CPU = Debug|Any CPU
		Release|Any CPU = Release|Any CPU
	EndGlobalSection
	GlobalSection(ProjectConfigurationPlatforms) = postSolution
		{704E7ECC-195B-47E0-9B0E-D286D39A9113}.Debug|Any CPU.ActiveCfg = Debug|Any CPU
		{704E7ECC-195B-47E0-9B0E-D286D39A9113}.Debug|Any CPU.Build.0 = Debug|Any CPU
		{704E7ECC-195B-47E0-9B0E-D286D39A9113}.Release|Any CPU.ActiveCfg = Release|Any CPU
		{704E7ECC-195B-47E0-9B0E-D286D39A9113}.Release|Any CPU.Build.0 = Release|Any CPU
	EndGlobalSection
	GlobalSection(SolutionProperties) = preSolution
		HideSolutionNode = FALSE
	EndGlobalSection
	GlobalSection(ExtensibilityGlobals) = postSolution
		SolutionGuid = {4D5DF701-1EA7-4510-A6AF-C4A8E8E3BFBF}
	EndGlobalSection
EndGlobal
